Microsoft Visual Studio Solution File, Format Version 12.00
# Visual Studio Version 16
VisualStudioVersion = 16.0.28803.352
MinimumVisualStudioVersion = 10.0.40219.1
Project("{FAE04EC0-301F-11D3-BF4B-00C04F79EFBC}") = "ChineseSalary", "ChineseSalary\ChineseSalary.csproj", "{99F96846-C30F-444F-84C1-05077A3AB53D}"
EndProject
Project("{FAE04EC0-301F-11D3-BF4B-00C04F79EFBC}") = "AmericanSalary", "AmericanSalary\AmericanSalary.csproj", "{DE7D39F2-31E8-4D35-8CD0-C982A1F6B07E}"
EndProject
Project("{FAE04EC0-301F-11D3-BF4B-00C04F79EFBC}") = "InterfaceSalary", "InterfaceSalary\InterfaceSalary.csproj", "{CE43709B-9A8F-4707-B7D6-F33E2C6F3595}"
EndProject
Project("{FAE04EC0-301F-11D3-BF4B-00C04F79EFBC}") = "AbstractFactory", "AbstractFactory\AbstractFactory.csproj", "{3E239415-B76D-452E-8717-7D4094FEA8BB}"
EndProject
Project("{FAE04EC0-301F-11D3-BF4B-00C04F79EFBC}") = "FactorySalary", "FactorySalary\FactorySalary.csproj", "{F04C2CDC-5ABD-489E-A0F3-ACC32FCE7FBA}"
EndProject
Global
	GlobalSection(SolutionConfigurationPlatforms) = preSolution
		Debug|Any CPU = Debug|Any CPU
		Release|Any CPU = Release|Any CPU
	EndGlobalSection
	GlobalSection(ProjectConfigurationPlatforms) = postSolution
		{99F96846-C30F-444F-84C1-05077A3AB53D}.Debug|Any CPU.ActiveCfg = Debug|Any CPU
		{99F96846-C30F-444F-84C1-05077A3AB53D}.Debug|Any CPU.Build.0 = Debug|Any CPU
		{99F96846-C30F-444F-84C1-05077A3AB53D}.Release|Any CPU.ActiveCfg = Release|Any CPU
		{99F96846-C30F-444F-84C1-05077A3AB53D}.Release|Any CPU.Build.0 = Release|Any CPU
		{DE7D39F2-31E8-4D35-8CD0-C982A1F6B07E}.Debug|Any CPU.ActiveCfg = Debug|Any CPU
		{DE7D39F2-31E8-4D35-8CD0-C982A1F6B07E}.Debug|Any CPU.Build.0 = Debug|Any CPU
		{DE7D39F2-31E8-4D35-8CD0-C982A1F6B07E}.Release|Any CPU.ActiveCfg = Release|Any CPU
		{DE7D39F2-31E8-4D35-8CD0-C982A1F6B07E}.Release|Any CPU.Build.0 = Release|Any CPU
		{CE43709B-9A8F-4707-B7D6-F33E2C6F3595}.Debug|Any CPU.ActiveCfg = Debug|Any CPU
		{CE43709B-9A8F-4707-B7D6-F33E2C6F3595}.Debug|Any CPU.Build.0 = Debug|Any CPU
		{CE43709B-9A8F-4707-B7D6-F33E2C6F3595}.Release|Any CPU.ActiveCfg = Release|Any CPU
		{CE43709B-9A8F-4707-B7D6-F33E2C6F3595}.Release|Any CPU.Build.0 = Release|Any CPU
		{3E239415-B76D-452E-8717-7D4094FEA8BB}.Debug|Any CPU.ActiveCfg = Debug|Any CPU
		{3E239415-B76D-452E-8717-7D4094FEA8BB}.Debug|Any CPU.Build.0 = Debug|Any CPU
		{3E239415-B76D-452E-8717-7D4094FEA8BB}.Release|Any CPU.ActiveCfg = Release|Any CPU
		{3E239415-B76D-452E-8717-7D4094FEA8BB}.Release|Any CPU.Build.0 = Release|Any CPU
		{F04C2CDC-5ABD-489E-A0F3-ACC32FCE7FBA}.Debug|Any CPU.ActiveCfg = Debug|Any CPU
		{F04C2CDC-5ABD-489E-A0F3-ACC32FCE7FBA}.Debug|Any CPU.Build.0 = Debug|Any CPU
		{F04C2CDC-5ABD-489E-A0F3-ACC32FCE7FBA}.Release|Any CPU.ActiveCfg = Release|Any CPU
		{F04C2CDC-5ABD-489E-A0F3-ACC32FCE7FBA}.Release|Any CPU.Build.0 = Release|Any CPU
	EndGlobalSection
	GlobalSection(SolutionProperties) = preSolution
		HideSolutionNode = FALSE
	EndGlobalSection
	GlobalSection(ExtensibilityGlobals) = postSolution
		SolutionGuid = {6F0B1C40-2CC8-4282-9C43-DC26FF23560C}
	EndGlobalSection
EndGlobal
